
Microsoft Visual Studio Solution File, Format Version 12.00
# Visual Studio Version 17
VisualStudioVersion = 17.1.32210.238
MinimumVisualStudioVersion = 10.0.40219.1
Project("{FAE04EC0-301F-11D3-BF4B-00C04F79EFBC}") = "ConsoleApp1", "ConsoleApp1\ConsoleApp1.csproj", "{CDF428CF-DFF0-4999-8385-8C07E7C362D1}"
EndProject
Global
	GlobalSection(SolutionConfigurationPlatforms) = preSolution
		Debug|Any CPU = Debug|Any CPU
		Release|Any CPU = Release|Any CPU
	EndGlobalSection
	GlobalSection(ProjectConfigurationPlatforms) = postSolution
		{CDF428CF-DFF0-4999-8385-8C07E7C362D1}.Debug|Any CPU.ActiveCfg = Debug|Any CPU
		{CDF428CF-DFF0-4999-8385-8C07E7C362D1}.Debug|Any CPU.Build.0 = Debug|Any CPU
		{CDF428CF-DFF0-4999-8385-8C07E7C362D1}.Release|Any CPU.ActiveCfg = Release|Any CPU
		{CDF428CF-DFF0-4999-8385-8C07E7C362D1}.Release|Any CPU.Build.0 = Release|Any CPU
	EndGlobalSection
	GlobalSection(SolutionProperties) = preSolution
		HideSolutionNode = FALSE
	EndGlobalSection
	GlobalSection(ExtensibilityGlobals) = postSolution
		SolutionGuid = {D90114B2-A82F-4903-A5B7-B6976D7E16BA}
	EndGlobalSection
EndGlobal
